
Microsoft Visual Studio Solution File, Format Version 12.00
# Visual Studio Version 17
VisualStudioVersion = 17.8.34511.84
MinimumVisualStudioVersion = 10.0.40219.1
Project("{FAE04EC0-301F-11D3-BF4B-00C04F79EFBC}") = "UnitTestSampleXunit", "UnitTestSampleXunit\UnitTestSampleXunit.csproj", "{668BC852-0FA4-45A1-9949-552B91548D50}"
EndProject
Project("{FAE04EC0-301F-11D3-BF4B-00C04F79EFBC}") = "NetworkUtility", "NetworkUtility\NetworkUtility.csproj", "{C8025959-811E-417B-8F8C-AA10F7836CDF}"
EndProject
Project("{FAE04EC0-301F-11D3-BF4B-00C04F79EFBC}") = "NetworkUtility.Tests", "NetworkUtility.Tests\NetworkUtility.Tests.csproj", "{AE4D7C61-EB93-4DFB-A902-AEB7C41E21A8}"
EndProject
Global
	GlobalSection(SolutionConfigurationPlatforms) = preSolution
		Debug|Any CPU = Debug|Any CPU
		Release|Any CPU = Release|Any CPU
	EndGlobalSection
	GlobalSection(ProjectConfigurationPlatforms) = postSolution
		{668BC852-0FA4-45A1-9949-552B91548D50}.Debug|Any CPU.ActiveCfg = Debug|Any CPU
		{668BC852-0FA4-45A1-9949-552B91548D50}.Debug|Any CPU.Build.0 = Debug|Any CPU
		{668BC852-0FA4-45A1-9949-552B91548D50}.Release|Any CPU.ActiveCfg = Release|Any CPU
		{668BC852-0FA4-45A1-9949-552B91548D50}.Release|Any CPU.Build.0 = Release|Any CPU
		{C8025959-811E-417B-8F8C-AA10F7836CDF}.Debug|Any CPU.ActiveCfg = Debug|Any CPU
		{C8025959-811E-417B-8F8C-AA10F7836CDF}.Debug|Any CPU.Build.0 = Debug|Any CPU
		{C8025959-811E-417B-8F8C-AA10F7836CDF}.Release|Any CPU.ActiveCfg = Release|Any CPU
		{C8025959-811E-417B-8F8C-AA10F7836CDF}.Release|Any CPU.Build.0 = Release|Any CPU
		{AE4D7C61-EB93-4DFB-A902-AEB7C41E21A8}.Debug|Any CPU.ActiveCfg = Debug|Any CPU
		{AE4D7C61-EB93-4DFB-A902-AEB7C41E21A8}.Debug|Any CPU.Build.0 = Debug|Any CPU
		{AE4D7C61-EB93-4DFB-A902-AEB7C41E21A8}.Release|Any CPU.ActiveCfg = Release|Any CPU
		{AE4D7C61-EB93-4DFB-A902-AEB7C41E21A8}.Release|Any CPU.Build.0 = Release|Any CPU
	EndGlobalSection
	GlobalSection(SolutionProperties) = preSolution
		HideSolutionNode = FALSE
	EndGlobalSection
	GlobalSection(ExtensibilityGlobals) = postSolution
		SolutionGuid = {A1942CC5-CB84-4169-8D74-EA7FF8EEC389}
	EndGlobalSection
EndGlobal
